// !$*UTF8*$!
{
	archiveVersion = 1;
	classes = {
	};
	objectVersion = 46;
	objects = {

/* Begin PBXBuildFile section */
		053769371DBF43B200415FD8 /* main.m in Sources */ = {isa = PBXBuildFile; fileRef = 053769361DBF43B200415FD8 /* main.m */; };
		0537693A1DBF43B200415FD8 /* AppDelegate.m in Sources */ = {isa = PBXBuildFile; fileRef = 053769391DBF43B200415FD8 /* AppDelegate.m */; };
		053769401DBF43B200415FD8 /* Main.storyboard in Resources */ = {isa = PBXBuildFile; fileRef = 0537693E1DBF43B200415FD8 /* Main.storyboard */; };
		053769421DBF43B200415FD8 /* Assets.xcassets in Resources */ = {isa = PBXBuildFile; fileRef = 053769411DBF43B200415FD8 /* Assets.xcassets */; };
		053769451DBF43B200415FD8 /* LaunchScreen.storyboard in Resources */ = {isa = PBXBuildFile; fileRef = 053769431DBF43B200415FD8 /* LaunchScreen.storyboard */; };
		053769521DBF43EF00415FD8 /* Egg.xcassets in Resources */ = {isa = PBXBuildFile; fileRef = 0537694C1DBF43EF00415FD8 /* Egg.xcassets */; };
		053769531DBF43EF00415FD8 /* EggScene.m in Sources */ = {isa = PBXBuildFile; fileRef = 0537694E1DBF43EF00415FD8 /* EggScene.m */; };
		053769541DBF43EF00415FD8 /* EggScene.sks in Resources */ = {isa = PBXBuildFile; fileRef = 0537694F1DBF43EF00415FD8 /* EggScene.sks */; };
		053769551DBF43EF00415FD8 /* EggViewController.m in Sources */ = {isa = PBXBuildFile; fileRef = 053769511DBF43EF00415FD8 /* EggViewController.m */; };
/* End PBXBuildFile section */

/* Begin PBXFileReference section */
		053769321DBF43B200415FD8 /* Champipong.app */ = {isa = PBXFileReference; explicitFileType = wrapper.application; includeInIndex = 0; path = Champipong.app; sourceTree = BUILT_PRODUCTS_DIR; };
		053769361DBF43B200415FD8 /* main.m */ = {isa = PBXFileReference; lastKnownFileType = sourcecode.c.objc; path = main.m; sourceTree = "<group>"; };
		053769381DBF43B200415FD8 /* AppDelegate.h */ = {isa = PBXFileReference; lastKnownFileType = sourcecode.c.h; path = AppDelegate.h; sourceTree = "<group>"; };
		053769391DBF43B200415FD8 /* AppDelegate.m */ = {isa = PBXFileReference; lastKnownFileType = sourcecode.c.objc; path = AppDelegate.m; sourceTree = "<group>"; };
		0537693F1DBF43B200415FD8 /* Base */ = {isa = PBXFileReference; lastKnownFileType = file.storyboard; name = Base; path = Base.lproj/Main.storyboard; sourceTree = "<group>"; };
		053769411DBF43B200415FD8 /* Assets.xcassets */ = {isa = PBXFileReference; lastKnownFileType = folder.assetcatalog; path = Assets.xcassets; sourceTree = "<group>"; };
		053769441DBF43B200415FD8 /* Base */ = {isa = PBXFileReference; lastKnownFileType = file.storyboard; name = Base; path = Base.lproj/LaunchScreen.storyboard; sourceTree = "<group>"; };
		053769461DBF43B200415FD8 /* Info.plist */ = {isa = PBXFileReference; lastKnownFileType = text.plist.xml; path = Info.plist; sourceTree = "<group>"; };
		0537694C1DBF43EF00415FD8 /* Egg.xcassets */ = {isa = PBXFileReference; lastKnownFileType = folder.assetcatalog; path = Egg.xcassets; sourceTree = "<group>"; };
		0537694D1DBF43EF00415FD8 /* EggScene.h */ = {isa = PBXFileReference; fileEncoding = 4; lastKnownFileType = sourcecode.c.h; path = EggScene.h; sourceTree = "<group>"; };
		0537694E1DBF43EF00415FD8 /* EggScene.m */ = {isa = PBXFileReference; fileEncoding = 4; lastKnownFileType = sourcecode.c.objc; path = EggScene.m; sourceTree = "<group>"; };
		0537694F1DBF43EF00415FD8 /* EggScene.sks */ = {isa = PBXFileReference; lastKnownFileType = file.sks; path = EggScene.sks; sourceTree = "<group>"; };
		053769501DBF43EF00415FD8 /* EggViewController.h */ = {isa = PBXFileReference; fileEncoding = 4; lastKnownFileType = sourcecode.c.h; path = EggViewController.h; sourceTree = "<group>"; };
		053769511DBF43EF00415FD8 /* EggViewController.m */ = {isa = PBXFileReference; fileEncoding = 4; lastKnownFileType = sourcecode.c.objc; path = EggViewController.m; sourceTree = "<group>"; };
/* End PBXFileReference section */

/* Begin PBXFrameworksBuildPhase section */
		0537692F1DBF43B200415FD8 /* Frameworks */ = {
			isa = PBXFrameworksBuildPhase;
			buildActionMask = 2147483647;
			files = (
			);
			runOnlyForDeploymentPostprocessing = 0;
		};
/* End PBXFrameworksBuildPhase section */

/* Begin PBXGroup section */
		053769291DBF43B200415FD8 = {
			isa = PBXGroup;
			children = (
				053769341DBF43B200415FD8 /* Champipong */,
				053769331DBF43B200415FD8 /* Products */,
			);
			sourceTree = "<group>";
		};
		053769331DBF43B200415FD8 /* Products */ = {
			isa = PBXGroup;
			children = (
				053769321DBF43B200415FD8 /* Champipong.app */,
			);
			name = Products;
			sourceTree = "<group>";
		};
		053769341DBF43B200415FD8 /* Champipong */ = {
			isa = PBXGroup;
			children = (
				0537694C1DBF43EF00415FD8 /* Egg.xcassets */,
				0537694D1DBF43EF00415FD8 /* EggScene.h */,
				0537694E1DBF43EF00415FD8 /* EggScene.m */,
				0537694F1DBF43EF00415FD8 /* EggScene.sks */,
				053769501DBF43EF00415FD8 /* EggViewController.h */,
				053769511DBF43EF00415FD8 /* EggViewController.m */,
				053769381DBF43B200415FD8 /* AppDelegate.h */,
				053769391DBF43B200415FD8 /* AppDelegate.m */,
				0537693E1DBF43B200415FD8 /* Main.storyboard */,
				053769411DBF43B200415FD8 /* Assets.xcassets */,
				053769431DBF43B200415FD8 /* LaunchScreen.storyboard */,
				053769461DBF43B200415FD8 /* Info.plist */,
				053769351DBF43B200415FD8 /* Supporting Files */,
			);
			path = Champipong;
			sourceTree = "<group>";
		};
		053769351DBF43B200415FD8 /* Supporting Files */ = {
			isa = PBXGroup;
			children = (
				053769361DBF43B200415FD8 /* main.m */,
			);
			name = "Supporting Files";
			sourceTree = "<group>";
		};
/* End PBXGroup section */

/* Begin PBXNativeTarget section */
		053769311DBF43B200415FD8 /* Champipong */ = {
			isa = PBXNativeTarget;
			buildConfigurationList = 053769491DBF43B200415FD8 /* Build configuration list for PBXNativeTarget "Champipong" */;
			buildPhases = (
				0537692E1DBF43B200415FD8 /* Sources */,
				0537692F1DBF43B200415FD8 /* Frameworks */,
				053769301DBF43B200415FD8 /* Resources */,
			);
			buildRules = (
			);
			dependencies = (
			);
			name = Champipong;
			productName = Champipong;
			productReference = 053769321DBF43B200415FD8 /* Champipong.app */;
			productType = "com.apple.product-type.application";
		};
/* End PBXNativeTarget section */

/* Begin PBXProject section */
		0537692A1DBF43B200415FD8 /* Project object */ = {
			isa = PBXProject;
			attributes = {
				LastUpgradeCheck = 0800;
				ORGANIZATIONNAME = David;
				TargetAttributes = {
					053769311DBF43B200415FD8 = {
						CreatedOnToolsVersion = 8.0;
						ProvisioningStyle = Automatic;
					};
				};
			};
			buildConfigurationList = 0537692D1DBF43B200415FD8 /* Build configuration list for PBXProject "Champipong" */;
			compatibilityVersion = "Xcode 3.2";
			developmentRegion = English;
			hasScannedForEncodings = 0;
			knownRegions = (
				en,
				Base,
			);
			mainGroup = 053769291DBF43B200415FD8;
			productRefGroup = 053769331DBF43B200415FD8 /* Products */;
			projectDirPath = "";
			projectRoot = "";
			targets = (
				053769311DBF43B200415FD8 /* Champipong */,
			);
		};
/* End PBXProject section */

/* Begin PBXResourcesBuildPhase section */
		053769301DBF43B200415FD8 /* Resources */ = {
			isa = PBXResourcesBuildPhase;
			buildActionMask = 2147483647;
			files = (
				053769451DBF43B200415FD8 /* LaunchScreen.storyboard in Resources */,
				053769421DBF43B200415FD8 /* Assets.xcassets in Resources */,
				053769401DBF43B200415FD8 /* Main.storyboard in Resources */,
				053769521DBF43EF00415FD8 /* Egg.xcassets in Resources */,
				053769541DBF43EF00415FD8 /* EggScene.sks in Resources */,
			);
			runOnlyForDeploymentPostprocessing = 0;
		};
/* End PBXResourcesBuildPhase section */

/* Begin PBXSourcesBuildPhase section */
		0537692E1DBF43B200415FD8 /* Sources */ = {
			isa = PBXSourcesBuildPhase;
			buildActionMask = 2147483647;
			files = (
				053769551DBF43EF00415FD8 /* EggViewController.m in Sources */,
				0537693A1DBF43B200415FD8 /* AppDelegate.m in Sources */,
				053769371DBF43B200415FD8 /* main.m in Sources */,
				053769531DBF43EF00415FD8 /* EggScene.m in Sources */,
			);
			runOnlyForDeploymentPostprocessing = 0;
		};
/* End PBXSourcesBuildPhase section */

/* Begin PBXVariantGroup section */
		0537693E1DBF43B200415FD8 /* Main.storyboard */ = {
			isa = PBXVariantGroup;
			children = (
				0537693F1DBF43B200415FD8 /* Base */,
			);
			name = Main.storyboard;
			sourceTree = "<group>";
		};
		053769431DBF43B200415FD8 /* LaunchScreen.storyboard */ = {
			isa = PBXVariantGroup;
			children = (
				053769441DBF43B200415FD8 /* Base */,
			);
			name = LaunchScreen.storyboard;
			sourceTree = "<group>";
		};
/* End PBXVariantGroup section */

/* Begin XCBuildConfiguration section */
		053769471DBF43B200415FD8 /* Debug */ = {
			isa = XCBuildConfiguration;
			buildSettings = {
				ALWAYS_SEARCH_USER_PATHS = NO;
				CLANG_ANALYZER_NONNULL = YES;
				CLANG_CXX_LANGUAGE_STANDARD = "gnu++0x";
				CLANG_CXX_LIBRARY = "libc++";
				CLANG_ENABLE_MODULES = YES;
				CLANG_ENABLE_OBJC_ARC = YES;
				CLANG_WARN_BOOL_CONVERSION = YES;
				CLANG_WARN_CONSTANT_CONVERSION = YES;
				CLANG_WARN_DIRECT_OBJC_ISA_USAGE = YES_ERROR;
				CLANG_WARN_DOCUMENTATION_COMMENTS = YES;
				CLANG_WARN_EMPTY_BODY = YES;
				CLANG_WARN_ENUM_CONVERSION = YES;
				CLANG_WARN_INFINITE_RECURSION = YES;
				CLANG_WARN_INT_CONVERSION = YES;
				CLANG_WARN_OBJC_ROOT_CLASS = YES_ERROR;
				CLANG_WARN_SUSPICIOUS_MOVES = YES;
				CLANG_WARN_UNREACHABLE_CODE = YES;
				CLANG_WARN__DUPLICATE_METHOD_MATCH = YES;
				"CODE_SIGN_IDENTITY[sdk=iphoneos*]" = "iPhone Developer";
				COPY_PHASE_STRIP = NO;
				DEBUG_INFORMATION_FORMAT = dwarf;
				ENABLE_STRICT_OBJC_MSGSEND = YES;
				ENABLE_TESTABILITY = YES;
				GCC_C_LANGUAGE_STANDARD = gnu99;
				GCC_DYNAMIC_NO_PIC = NO;
				GCC_NO_COMMON_BLOCKS = YES;
				GCC_OPTIMIZATION_LEVEL = 0;
				GCC_PREPROCESSOR_DEFINITIONS = (
					"DEBUG=1",
					"$(inherited)",
				);
				GCC_WARN_64_TO_32_BIT_CONVERSION = YES;
				GCC_WARN_ABOUT_RETURN_TYPE = YES_ERROR;
				GCC_WARN_UNDECLARED_SELECTOR = YES;
				GCC_WARN_UNINITIALIZED_AUTOS = YES_AGGRESSIVE;
				GCC_WARN_UNUSED_FUNCTION = YES;
				GCC_WARN_UNUSED_VARIABLE = YES;
				IPHONEOS_DEPLOYMENT_TARGET = 10.0;
				MTL_ENABLE_DEBUG_INFO = YES;
				ONLY_ACTIVE_ARCH = YES;
				SDKROOT = iphoneos;
			};
			name = Debug;
		};
		053769481DBF43B200415FD8 /* Release */ = {
			isa = XCBuildConfiguration;
			buildSettings = {
				ALWAYS_SEARCH_USER_PATHS = NO;
				CLANG_ANALYZER_NONNULL = YES;
				CLANG_CXX_LANGUAGE_STANDARD = "gnu++0x";
				CLANG_CXX_LIBRARY = "libc++";
				CLANG_ENABLE_MODULES = YES;
				CLANG_ENABLE_OBJC_ARC = YES;
				CLANG_WARN_BOOL_CONVERSION = YES;
				CLANG_WARN_CONSTANT_CONVERSION = YES;
				CLANG_WARN_DIRECT_OBJC_ISA_USAGE = YES_ERROR;
				CLANG_WARN_DOCUMENTATION_COMMENTS = YES;
				CLANG_WARN_EMPTY_BODY = YES;
				CLANG_WARN_ENUM_CONVERSION = YES;
				CLANG_WARN_INFINITE_RECURSION = YES;
				CLANG_WARN_INT_CONVERSION = YES;
				CLANG_WARN_OBJC_ROOT_CLASS = YES_ERROR;
				CLANG_WARN_SUSPICIOUS_MOVES = YES;
				CLANG_WARN_UNREACHABLE_CODE = YES;
				CLANG_WARN__DUPLICATE_METHOD_MATCH = YES;
				"CODE_SIGN_IDENTITY[sdk=iphoneos*]" = "iPhone Developer";
				COPY_PHASE_STRIP = NO;
				DEBUG_INFORMATION_FORMAT = "dwarf-with-dsym";
				ENABLE_NS_ASSERTIONS = NO;
				ENABLE_STRICT_OBJC_MSGSEND = YES;
				GCC_C_LANGUAGE_STANDARD = gnu99;
				GCC_NO_COMMON_BLOCKS = YES;
				GCC_WARN_64_TO_32_BIT_CONVERSION = YES;
				GCC_WARN_ABOUT_RETURN_TYPE = YES_ERROR;
				GCC_WARN_UNDECLARED_SELECTOR = YES;
				GCC_WARN_UNINITIALIZED_AUTOS = YES_AGGRESSIVE;
				GCC_WARN_UNUSED_FUNCTION = YES;
				GCC_WARN_UNUSED_VARIABLE = YES;
				IPHONEOS_DEPLOYMENT_TARGET = 10.0;
				MTL_ENABLE_DEBUG_INFO = NO;
				SDKROOT = iphoneos;
				VALIDATE_PRODUCT = YES;
			};
			name = Release;
		};
		0537694A1DBF43B200415FD8 /* Debug */ = {
			isa = XCBuildConfiguration;
			buildSettings = {
				ASSETCATALOG_COMPILER_APPICON_NAME = AppIcon;
				INFOPLIST_FILE = Champipong/Info.plist;
				LD_RUNPATH_SEARCH_PATHS = "$(inherited) @executable_path/Frameworks";
				PRODUCT_BUNDLE_IDENTIFIER = dmartinez.Champipong;
				PRODUCT_NAME = "$(TARGET_NAME)";
			};
			name = Debug;
		};
		0537694B1DBF43B200415FD8 /* Release */ = {
			isa = XCBuildConfiguration;
			buildSettings = {
				ASSETCATALOG_COMPILER_APPICON_NAME = AppIcon;
				INFOPLIST_FILE = Champipong/Info.plist;
				LD_RUNPATH_SEARCH_PATHS = "$(inherited) @executable_path/Frameworks";
				PRODUCT_BUNDLE_IDENTIFIER = dmartinez.Champipong;
				PRODUCT_NAME = "$(TARGET_NAME)";
			};
			name = Release;
		};
/* End XCBuildConfiguration section */

/* Begin XCConfigurationList section */
		0537692D1DBF43B200415FD8 /* Build configuration list for PBXProject "Champipong" */ = {
			isa = XCConfigurationList;
			buildConfigurations = (
				053769471DBF43B200415FD8 /* Debug */,
				053769481DBF43B200415FD8 /* Release */,
			);
			defaultConfigurationIsVisible = 0;
			defaultConfigurationName = Release;
		};
		053769491DBF43B200415FD8 /* Build configuration list for PBXNativeTarget "Champipong" */ = {
			isa = XCConfigurationList;
			buildConfigurations = (
				0537694A1DBF43B200415FD8 /* Debug */,
				0537694B1DBF43B200415FD8 /* Release */,
			);
			defaultConfigurationIsVisible = 0;
			defaultConfigurationName = Release;
		};
/* End XCConfigurationList section */
	};
	rootObject = 0537692A1DBF43B200415FD8 /* Project object */;
}
